
Microsoft Visual Studio Solution File, Format Version 12.00
# Visual Studio 14
VisualStudioVersion = 14.0.23107.0
MinimumVisualStudioVersion = 10.0.40219.1
Project("{FAE04EC0-301F-11D3-BF4B-00C04F79EFBC}") = "SamSeifert.Velodyne", "SamSeifert.Velodyne.csproj", "{D28836E0-1C0E-472F-A9A6-066AA432F7A6}"
EndProject
Project("{FAE04EC0-301F-11D3-BF4B-00C04F79EFBC}") = "SamSeifert.Utilities", "..\SamSeifert.Utilities\SamSeifert.Utilities.csproj", "{A9446CBE-818F-45F6-8894-068693DA47CA}"
EndProject
Global
	GlobalSection(SolutionConfigurationPlatforms) = preSolution
		Debug|Any CPU = Debug|Any CPU
		Release|Any CPU = Release|Any CPU
	EndGlobalSection
	GlobalSection(ProjectConfigurationPlatforms) = postSolution
		{D28836E0-1C0E-472F-A9A6-066AA432F7A6}.Debug|Any CPU.ActiveCfg = Debug|Any CPU
		{D28836E0-1C0E-472F-A9A6-066AA432F7A6}.Debug|Any CPU.Build.0 = Debug|Any CPU
		{D28836E0-1C0E-472F-A9A6-066AA432F7A6}.Release|Any CPU.ActiveCfg = Release|Any CPU
		{D28836E0-1C0E-472F-A9A6-066AA432F7A6}.Release|Any CPU.Build.0 = Release|Any CPU
		{A9446CBE-818F-45F6-8894-068693DA47CA}.Debug|Any CPU.ActiveCfg = Debug|Any CPU
		{A9446CBE-818F-45F6-8894-068693DA47CA}.Debug|Any CPU.Build.0 = Debug|Any CPU
		{A9446CBE-818F-45F6-8894-068693DA47CA}.Release|Any CPU.ActiveCfg = Release|Any CPU
		{A9446CBE-818F-45F6-8894-068693DA47CA}.Release|Any CPU.Build.0 = Release|Any CPU
	EndGlobalSection
	GlobalSection(SolutionProperties) = preSolution
		HideSolutionNode = FALSE
	EndGlobalSection
EndGlobal
